{
  "name": "baileys-whatsapp-backend",
  "version": "1.0.0",
  "lockfileVersion": 3,
  "requires": true,
  "packages": {
    "": {
      "name": "baileys-whatsapp-backend",
      "version": "1.0.0",
      "dependencies": {
        "@hapi/boom": "^10.0.1",
        "@socket.io/redis-adapter": "^8.3.0",
        "@supabase/supabase-js": "^2.45.4",
        "@whiskeysockets/baileys": "^6.7.24",
        "cors": "^2.8.5",
        "dotenv": "^16.4.5",
        "express": "^4.21.2",
        "express-rate-limit": "^7.4.1",
        "helmet": "^7.2.0",
        "ioredis": "^5.4.1",
        "multer": "^2.0.1",
        "pino": "^9.5.0",
        "pino-http": "^10.3.0",
        "qrcode": "^1.5.4",
        "socket.io": "^4.8.1",
        "uuid": "^9.0.1"
      },
      "devDependencies": {
        "nodemon": "^3.1.7",
        "pino-pretty": "^11.3.0"
      },
      "engines": {
        "node": ">=20.0.0"
      }
    },
    "node_modules/@borewit/text-codec": {
      "version": "0.2.2",
      "resolved": "https://registry.npmjs.org/@borewit/text-codec/-/text-codec-0.2.2.tgz",
      "integrity": "sha512-DDaRehssg1aNrH4+2hnj1B7vnUGEjU6OIlyRdkMd0aUdIUvKXrJfXsy8LVtXAy7DRvYVluWbMspsRhz2lcW0mQ==",
      "license": "MIT",
      "funding": {
        "type": "github",
        "url": "https://github.com/sponsors/Borewit"
      }
    }
  }
}
